NeoBundleLock lightline.vim 430ce2cb063b39a0c7950cafd617e333acb6759a
NeoBundleLock neobundle.vim 30c40ccbfc6371fb922eece6e0657eb5da9e479b
NeoBundleLock neomru.vim e86ebb07c3498e81b13a195330831eb845555633
NeoBundleLock neoyank.vim ee635f186625df267661764257db0a0ecb4dba74
NeoBundleLock tmuxline.vim 1e638ef6b2673130db123f25b1ae1160c5289bb8
NeoBundleLock unite.vim faeff916c6af683990d3afe571047ebdb8bf2a4b
NeoBundleLock vim-coffee-script 0f4bd9776cfd0fd2a394a4b1991630698e4fdc2d
NeoBundleLock vim-elixir e5030e02024b0222ddd6f17cbc366c26548746be
NeoBundleLock vim-endwise 0067ceda37725d01b7bd5bf249d63b1b5d4e2ab4
NeoBundleLock vim-quickrun 5149ecd1502b7fc2583cb8799ac1a0c72c41f828
NeoBundleLock vim-slim ce2e9d8b0a8d5af8f5845906fab6ee809b180dd4
NeoBundleLock vimfiler.vim 7216090936e16e1c3449d60d384de6a4858df533
NeoBundleLock vimproc c2f6b82af60a4e7acde0e8dc4e6b6f5dc1cc8e1d
NeoBundleLock yajs.vim a2e7efc960c54525882537f7e81d885beafeb5db
